
Microsoft Visual Studio Solution File, Format Version 12.00
# Visual Studio Version 16
VisualStudioVersion = 16.0.32106.194
MinimumVisualStudioVersion = 10.0.40219.1
Project("{FAE04EC0-301F-11D3-BF4B-00C04F79EFBC}") = "Mission3Website", "Mission3Website\Mission3Website.csproj", "{06F07D85-997D-47A9-BC6C-CC284F43B8D8}"
EndProject
Global
	GlobalSection(SolutionConfigurationPlatforms) = preSolution
		Debug|Any CPU = Debug|Any CPU
		Release|Any CPU = Release|Any CPU
	EndGlobalSection
	GlobalSection(ProjectConfigurationPlatforms) = postSolution
		{06F07D85-997D-47A9-BC6C-CC284F43B8D8}.Debug|Any CPU.ActiveCfg = Debug|Any CPU
		{06F07D85-997D-47A9-BC6C-CC284F43B8D8}.Debug|Any CPU.Build.0 = Debug|Any CPU
		{06F07D85-997D-47A9-BC6C-CC284F43B8D8}.Release|Any CPU.ActiveCfg = Release|Any CPU
		{06F07D85-997D-47A9-BC6C-CC284F43B8D8}.Release|Any CPU.Build.0 = Release|Any CPU
	EndGlobalSection
	GlobalSection(SolutionProperties) = preSolution
		HideSolutionNode = FALSE
	EndGlobalSection
	GlobalSection(ExtensibilityGlobals) = postSolution
		SolutionGuid = {AFC2B68B-4882-4CAC-B183-49A1E69DB408}
	EndGlobalSection
EndGlobal
